
Microsoft Visual Studio Solution File, Format Version 12.00
# Visual Studio Version 17
VisualStudioVersion = 17.3.32811.315
MinimumVisualStudioVersion = 10.0.40219.1
Project("{9A19103F-16F7-4668-BE54-9A1E7A4F7556}") = "RealtaHotelClient", "RealtaHotelClient\RealtaHotelClient.csproj", "{9CD89BD9-F068-4D16-A74F-BD738BDECC86}"
EndProject
Project("{778DAE3C-4631-46EA-AA77-85C1314464D9}") = "RealtaHotelLibDb", "RealtaHotelHRWebApi\RealtaHotelLibDb.vbproj", "{BCF803B6-AC5A-4B78-8D7A-8CB88EEEF51A}"
EndProject
Global
	GlobalSection(SolutionConfigurationPlatforms) = preSolution
		Debug|Any CPU = Debug|Any CPU
		Release|Any CPU = Release|Any CPU
	EndGlobalSection
	GlobalSection(ProjectConfigurationPlatforms) = postSolution
		{9CD89BD9-F068-4D16-A74F-BD738BDECC86}.Debug|Any CPU.ActiveCfg = Debug|Any CPU
		{9CD89BD9-F068-4D16-A74F-BD738BDECC86}.Debug|Any CPU.Build.0 = Debug|Any CPU
		{9CD89BD9-F068-4D16-A74F-BD738BDECC86}.Release|Any CPU.ActiveCfg = Release|Any CPU
		{9CD89BD9-F068-4D16-A74F-BD738BDECC86}.Release|Any CPU.Build.0 = Release|Any CPU
		{BCF803B6-AC5A-4B78-8D7A-8CB88EEEF51A}.Debug|Any CPU.ActiveCfg = Debug|Any CPU
		{BCF803B6-AC5A-4B78-8D7A-8CB88EEEF51A}.Debug|Any CPU.Build.0 = Debug|Any CPU
		{BCF803B6-AC5A-4B78-8D7A-8CB88EEEF51A}.Release|Any CPU.ActiveCfg = Release|Any CPU
		{BCF803B6-AC5A-4B78-8D7A-8CB88EEEF51A}.Release|Any CPU.Build.0 = Release|Any CPU
	EndGlobalSection
	GlobalSection(SolutionProperties) = preSolution
		HideSolutionNode = FALSE
	EndGlobalSection
	GlobalSection(ExtensibilityGlobals) = postSolution
		SolutionGuid = {42A16BA5-97F6-4155-80FC-C0F7FDC2E798}
	EndGlobalSection
EndGlobal
